# THIS IS AN AUTOGENERATED FILE. DO NOT EDIT THIS FILE DIRECTLY.
# yarn lockfile v1


"@alloc/quick-lru@^5.2.0":
  "integrity" "sha512-UrcABB+4bUrFABwbluTIBErXwvbsU/V7TZWfmbgJfbkwiBuziS9gxdODUyuiecfdGQ85jglMW6juS3+z5TsKLw=="
  "resolved" "https://registry.npmjs.org/@alloc/quick-lru/-/quick-lru-5.2.0.tgz"
  "version" "5.2.0"

"@img/sharp-darwin-arm64@0.33.5":
  "integrity" "sha512-UT4p+iz/2H4twwAoLCqfA9UH5pI6DggwKEGuaPy7nCVQ8ZsiY5PIcrRvD1DzuY3qYL07NtIQcWnBSY/heikIFQ=="
  "resolved" "https://registry.npmjs.org/@img/sharp-darwin-arm64/-/sharp-darwin-arm64-0.33.5.tgz"
  "version" "0.33.5"
  optionalDependencies:
    "@img/sharp-libvips-darwin-arm64" "1.0.4"

"@img/sharp-libvips-darwin-arm64@1.0.4":
  "integrity" "sha512-XblONe153h0O2zuFfTAbQYAX2JhYmDHeWikp1LM9Hul9gVPjFY427k6dFEcOL72O01QxQsWi761svJ/ev9xEDg=="
  "resolved" "https://registry.npmjs.org/@img/sharp-libvips-darwin-arm64/-/sharp-libvips-darwin-arm64-1.0.4.tgz"
  "version" "1.0.4"

"@next/env@15.2.1":
  "integrity" "sha512-JmY0qvnPuS2NCWOz2bbby3Pe0VzdAQ7XpEB6uLIHmtXNfAsAO0KLQLkuAoc42Bxbo3/jMC3dcn9cdf+piCcG2Q=="
  "resolved" "https://registry.npmjs.org/@next/env/-/env-15.2.1.tgz"
  "version" "15.2.1"

"@next/swc-darwin-arm64@15.2.1":
  "integrity" "sha512-aWXT+5KEREoy3K5AKtiKwioeblmOvFFjd+F3dVleLvvLiQ/mD//jOOuUcx5hzcO9ISSw4lrqtUPntTpK32uXXQ=="
  "resolved" "https://registry.npmjs.org/@next/swc-darwin-arm64/-/swc-darwin-arm64-15.2.1.tgz"
  "version" "15.2.1"

"@supabase/auth-js@2.68.0":
  "integrity" "sha512-odG7nb7aOmZPUXk6SwL2JchSsn36Ppx11i2yWMIc/meUO2B2HK9YwZHPK06utD9Ql9ke7JKDbwGin/8prHKxxQ=="
  "resolved" "https://registry.npmjs.org/@supabase/auth-js/-/auth-js-2.68.0.tgz"
  "version" "2.68.0"
  dependencies:
    "@supabase/node-fetch" "^2.6.14"

"@supabase/functions-js@2.4.4":
  "integrity" "sha512-WL2p6r4AXNGwop7iwvul2BvOtuJ1YQy8EbOd0dhG1oN1q8el/BIRSFCFnWAMM/vJJlHWLi4ad22sKbKr9mvjoA=="
  "resolved" "https://registry.npmjs.org/@supabase/functions-js/-/functions-js-2.4.4.tgz"
  "version" "2.4.4"
  dependencies:
    "@supabase/node-fetch" "^2.6.14"

"@supabase/node-fetch@^2.6.14", "@supabase/node-fetch@2.6.15":
  "integrity" "sha512-1ibVeYUacxWYi9i0cf5efil6adJ9WRyZBLivgjs+AUpewx1F3xPi7gLgaASI2SmIQxPoCEjAsLAzKPgMJVgOUQ=="
  "resolved" "https://registry.npmjs.org/@supabase/node-fetch/-/node-fetch-2.6.15.tgz"
  "version" "2.6.15"
  dependencies:
    "whatwg-url" "^5.0.0"

"@supabase/postgrest-js@1.19.2":
  "integrity" "sha512-MXRbk4wpwhWl9IN6rIY1mR8uZCCG4MZAEji942ve6nMwIqnBgBnZhZlON6zTTs6fgveMnoCILpZv1+K91jN+ow=="
  "resolved" "https://registry.npmjs.org/@supabase/postgrest-js/-/postgrest-js-1.19.2.tgz"
  "version" "1.19.2"
  dependencies:
    "@supabase/node-fetch" "^2.6.14"

"@supabase/realtime-js@2.11.2":
  "integrity" "sha512-u/XeuL2Y0QEhXSoIPZZwR6wMXgB+RQbJzG9VErA3VghVt7uRfSVsjeqd7m5GhX3JR6dM/WRmLbVR8URpDWG4+w=="
  "resolved" "https://registry.npmjs.org/@supabase/realtime-js/-/realtime-js-2.11.2.tgz"
  "version" "2.11.2"
  dependencies:
    "@supabase/node-fetch" "^2.6.14"
    "@types/phoenix" "^1.5.4"
    "@types/ws" "^8.5.10"
    "ws" "^8.18.0"

"@supabase/storage-js@2.7.1":
  "integrity" "sha512-asYHcyDR1fKqrMpytAS1zjyEfvxuOIp1CIXX7ji4lHHcJKqyk+sLl/Vxgm4sN6u8zvuUtae9e4kDxQP2qrwWBA=="
  "resolved" "https://registry.npmjs.org/@supabase/storage-js/-/storage-js-2.7.1.tgz"
  "version" "2.7.1"
  dependencies:
    "@supabase/node-fetch" "^2.6.14"

"@supabase/supabase-js@^2.49.1":
  "integrity" "sha512-lKaptKQB5/juEF5+jzmBeZlz69MdHZuxf+0f50NwhL+IE//m4ZnOeWlsKRjjsM0fVayZiQKqLvYdBn0RLkhGiQ=="
  "resolved" "https://registry.npmjs.org/@supabase/supabase-js/-/supabase-js-2.49.1.tgz"
  "version" "2.49.1"
  dependencies:
    "@supabase/auth-js" "2.68.0"
    "@supabase/functions-js" "2.4.4"
    "@supabase/node-fetch" "2.6.15"
    "@supabase/postgrest-js" "1.19.2"
    "@supabase/realtime-js" "2.11.2"
    "@supabase/storage-js" "2.7.1"

"@swc/counter@0.1.3":
  "integrity" "sha512-e2BR4lsJkkRlKZ/qCHPw9ZaSxc0MVUd7gtbtaB7aMvHeJVYe8sOB8DBZkP2DtISHGSku9sCK6T6cnY0CtXrOCQ=="
  "resolved" "https://registry.npmjs.org/@swc/counter/-/counter-0.1.3.tgz"
  "version" "0.1.3"

"@swc/helpers@0.5.15":
  "integrity" "sha512-JQ5TuMi45Owi4/BIMAJBoSQoOJu12oOk/gADqlcUL9JEdHB8vyjUSsxqeNXnmXHjYKMi2WcYtezGEEhqUI/E2g=="
  "resolved" "https://registry.npmjs.org/@swc/helpers/-/helpers-0.5.15.tgz"
  "version" "0.5.15"
  dependencies:
    "tslib" "^2.8.0"

"@tailwindcss/forms@^0.5.10":
  "integrity" "sha512-utI1ONF6uf/pPNO68kmN1b8rEwNXv3czukalo8VtJH8ksIkZXr3Q3VYudZLkCsDd4Wku120uF02hYK25XGPorw=="
  "resolved" "https://registry.npmjs.org/@tailwindcss/forms/-/forms-0.5.10.tgz"
  "version" "0.5.10"
  dependencies:
    "mini-svg-data-uri" "^1.2.3"

"@tailwindcss/node@4.0.10":
  "integrity" "sha512-5YuI8pXfNkg5Ng12wgMic6jrFe4K8+eVmaC1kLsbA6g7iMgrj5fyl4hoLqHjmBDGpJXKxUAjwMSuJmc4oetnrg=="
  "resolved" "https://registry.npmjs.org/@tailwindcss/node/-/node-4.0.10.tgz"
  "version" "4.0.10"
  dependencies:
    "enhanced-resolve" "^5.18.1"
    "jiti" "^2.4.2"
    "tailwindcss" "4.0.10"

"@tailwindcss/oxide-darwin-arm64@4.0.10":
  "integrity" "sha512-PJtNobUOQCydEpBbOmVhP+diTD8JEM7HRxgX9O72SODg+ynKDM0fNDkqKOX0CFR6+mCdOwRQdhnoulM6hM27TA=="
  "resolved" "https://registry.npmjs.org/@tailwindcss/oxide-darwin-arm64/-/oxide-darwin-arm64-4.0.10.tgz"
  "version" "4.0.10"

"@tailwindcss/oxide@4.0.10":
  "integrity" "sha512-vAPYXF1c2yH8jmepA82on3kLpgrHZQ0B7Q2tPeASXnKxJx3GP/Fe0j1RB6PDmR5UntwA0y0Z0bZYwLcnw4/OGw=="
  "resolved" "https://registry.npmjs.org/@tailwindcss/oxide/-/oxide-4.0.10.tgz"
  "version" "4.0.10"
  optionalDependencies:
    "@tailwindcss/oxide-android-arm64" "4.0.10"
    "@tailwindcss/oxide-darwin-arm64" "4.0.10"
    "@tailwindcss/oxide-darwin-x64" "4.0.10"
    "@tailwindcss/oxide-freebsd-x64" "4.0.10"
    "@tailwindcss/oxide-linux-arm-gnueabihf" "4.0.10"
    "@tailwindcss/oxide-linux-arm64-gnu" "4.0.10"
    "@tailwindcss/oxide-linux-arm64-musl" "4.0.10"
    "@tailwindcss/oxide-linux-x64-gnu" "4.0.10"
    "@tailwindcss/oxide-linux-x64-musl" "4.0.10"
    "@tailwindcss/oxide-win32-arm64-msvc" "4.0.10"
    "@tailwindcss/oxide-win32-x64-msvc" "4.0.10"

"@tailwindcss/postcss@^4":
  "integrity" "sha512-3NEomQtd/JrNAaSkuklBLGQkyCpxZjOW8rf64x4lx+Umo7gh0kzwe83QmUF/GrVNgO6TdrCyHf4+41GZGR3EIg=="
  "resolved" "https://registry.npmjs.org/@tailwindcss/postcss/-/postcss-4.0.10.tgz"
  "version" "4.0.10"
  dependencies:
    "@alloc/quick-lru" "^5.2.0"
    "@tailwindcss/node" "4.0.10"
    "@tailwindcss/oxide" "4.0.10"
    "lightningcss" "^1.29.1"
    "postcss" "^8.4.41"
    "tailwindcss" "4.0.10"

"@types/node@*", "@types/node@^20":
  "integrity" "sha512-8PCGZ1ZJbEZuYNTMqywO+Sj4vSKjSjT6Ua+6RFOYlEvIvKQABPtrNkoVSLSKDb4obYcMhspVKmsw8Cm10NFRUg=="
  "resolved" "https://registry.npmjs.org/@types/node/-/node-20.17.23.tgz"
  "version" "20.17.23"
  dependencies:
    "undici-types" "~6.19.2"

"@types/phoenix@^1.5.4":
  "integrity" "sha512-PIzZZlEppgrpoT2QgbnDU+MMzuR6BbCjllj0bM70lWoejMeNJAxCchxnv7J3XFkI8MpygtRpzXrIlmWUBclP5A=="
  "resolved" "https://registry.npmjs.org/@types/phoenix/-/phoenix-1.6.6.tgz"
  "version" "1.6.6"

"@types/react-dom@^19":
  "integrity" "sha512-4fSQ8vWFkg+TGhePfUzVmat3eC14TXYSsiiDSLI0dVLsrm9gZFABjPy/Qu6TKgl1tq1Bu1yDsuQgY3A3DOjCcg=="
  "resolved" "https://registry.npmjs.org/@types/react-dom/-/react-dom-19.0.4.tgz"
  "version" "19.0.4"

"@types/react@^19", "@types/react@^19.0.0":
  "integrity" "sha512-JuRQ9KXLEjaUNjTWpzuR231Z2WpIwczOkBEIvbHNCzQefFIT0L8IqE6NV6ULLyC1SI/i234JnDoMkfg+RjQj2g=="
  "resolved" "https://registry.npmjs.org/@types/react/-/react-19.0.10.tgz"
  "version" "19.0.10"
  dependencies:
    "csstype" "^3.0.2"

"@types/ws@^8.5.10":
  "integrity" "sha512-8svvI3hMyvN0kKCJMvTJP/x6Y/EoQbepff882wL+Sn5QsXb3etnamgrJq4isrBxSJj5L2AuXcI0+bgkoAXGUJw=="
  "resolved" "https://registry.npmjs.org/@types/ws/-/ws-8.18.0.tgz"
  "version" "8.18.0"
  dependencies:
    "@types/node" "*"

"@vercel/analytics@^1.5.0":
  "integrity" "sha512-MYsBzfPki4gthY5HnYN7jgInhAZ7Ac1cYDoRWFomwGHWEX7odTEzbtg9kf/QSo7XEsEAqlQugA6gJ2WS2DEa3g=="
  "resolved" "https://registry.npmjs.org/@vercel/analytics/-/analytics-1.5.0.tgz"
  "version" "1.5.0"

"@vercel/speed-insights@^1.2.0":
  "integrity" "sha512-y9GVzrUJ2xmgtQlzFP2KhVRoCglwfRQgjyfY607aU0hh0Un6d0OUyrJkjuAlsV18qR4zfoFPs/BiIj9YDS6Wzw=="
  "resolved" "https://registry.npmjs.org/@vercel/speed-insights/-/speed-insights-1.2.0.tgz"
  "version" "1.2.0"

"autoprefixer@^10.4.16":
  "integrity" "sha512-XY25y5xSv/wEoqzDyXXME4AFfkZI0P23z6Fs3YgymDnKJkCGOnkL0iTxCa85UTqaSgfcqyf3UA6+c7wUvx/16g=="
  "resolved" "https://registry.npmjs.org/autoprefixer/-/autoprefixer-10.4.20.tgz"
  "version" "10.4.20"
  dependencies:
    "browserslist" "^4.23.3"
    "caniuse-lite" "^1.0.30001646"
    "fraction.js" "^4.3.7"
    "normalize-range" "^0.1.2"
    "picocolors" "^1.0.1"
    "postcss-value-parser" "^4.2.0"

"browserslist@^4.23.3", "browserslist@>= 4.21.0":
  "integrity" "sha512-KDi1Ny1gSePi1vm0q4oxSF8b4DR44GF4BbmS2YdhPLOEqd8pDviZOGH/GsmRwoWJ2+5Lr085X7naowMwKHDG1A=="
  "resolved" "https://registry.npmjs.org/browserslist/-/browserslist-4.24.4.tgz"
  "version" "4.24.4"
  dependencies:
    "caniuse-lite" "^1.0.30001688"
    "electron-to-chromium" "^1.5.73"
    "node-releases" "^2.0.19"
    "update-browserslist-db" "^1.1.1"

"busboy@1.6.0":
  "integrity" "sha512-8SFQbg/0hQ9xy3UNTB0YEnsNBbWfhf7RtnzpL7TkBiTBRfrQ9Fxcnz7VJsleJpyp6rVLvXiuORqjlHi5q+PYuA=="
  "resolved" "https://registry.npmjs.org/busboy/-/busboy-1.6.0.tgz"
  "version" "1.6.0"
  dependencies:
    "streamsearch" "^1.1.0"

"caniuse-lite@^1.0.30001579", "caniuse-lite@^1.0.30001646", "caniuse-lite@^1.0.30001688":
  "integrity" "sha512-LoPe/D7zioC0REI5W73PeR1e1MLCipRGq/VkovJnd6Df+QVqT+vT33OXCp8QUd7kA7RZrHWxb1B36OQKI/0gOA=="
  "resolved" "https://registry.npmjs.org/caniuse-lite/-/caniuse-lite-1.0.30001702.tgz"
  "version" "1.0.30001702"

"client-only@0.0.1":
  "integrity" "sha512-IV3Ou0jSMzZrd3pZ48nLkT9DA7Ag1pnPzaiQhpW7c3RbcqqzvzzVu+L8gfqMp/8IM2MQtSiqaCxrrcfu8I8rMA=="
  "resolved" "https://registry.npmjs.org/client-only/-/client-only-0.0.1.tgz"
  "version" "0.0.1"

"color-convert@^2.0.1":
  "integrity" "sha512-RRECPsj7iu/xb5oKYcsFHSppFNnsj/52OVTRKb4zP5onXwVF3zVmmToNcOfGC+CRDpfK/U584fMg38ZHCaElKQ=="
  "resolved" "https://registry.npmjs.org/color-convert/-/color-convert-2.0.1.tgz"
  "version" "2.0.1"
  dependencies:
    "color-name" "~1.1.4"

"color-name@^1.0.0", "color-name@~1.1.4":
  "integrity" "sha512-dOy+3AuW3a2wNbZHIuMZpTcgjGuLU/uBL/ubcZF9OXbDo8ff4O8yVp5Bf0efS8uEoYo5q4Fx7dY9OgQGXgAsQA=="
  "resolved" "https://registry.npmjs.org/color-name/-/color-name-1.1.4.tgz"
  "version" "1.1.4"

"color-string@^1.9.0":
  "integrity" "sha512-shrVawQFojnZv6xM40anx4CkoDP+fZsw/ZerEMsW/pyzsRbElpsL/DBVW7q3ExxwusdNXI3lXpuhEZkzs8p5Eg=="
  "resolved" "https://registry.npmjs.org/color-string/-/color-string-1.9.1.tgz"
  "version" "1.9.1"
  dependencies:
    "color-name" "^1.0.0"
    "simple-swizzle" "^0.2.2"

"color@^4.2.3":
  "integrity" "sha512-1rXeuUUiGGrykh+CeBdu5Ie7OJwinCgQY0bc7GCRxy5xVHy+moaqkpL/jqQq0MtQOeYcrqEz4abc5f0KtU7W4A=="
  "resolved" "https://registry.npmjs.org/color/-/color-4.2.3.tgz"
  "version" "4.2.3"
  dependencies:
    "color-convert" "^2.0.1"
    "color-string" "^1.9.0"

"csstype@^3.0.2":
  "integrity" "sha512-M1uQkMl8rQK/szD0LNhtqxIPLpimGm8sOBwU7lLnCpSbTyY3yeU1Vc7l4KT5zT4s/yOxHH5O7tIuuLOCnLADRw=="
  "resolved" "https://registry.npmjs.org/csstype/-/csstype-3.1.3.tgz"
  "version" "3.1.3"

"detect-libc@^2.0.3":
  "integrity" "sha512-bwy0MGW55bG41VqxxypOsdSdGqLwXPI/focwgTYCFMbdUiBAxLg9CFzG08sz2aqzknwiX7Hkl0bQENjg8iLByw=="
  "resolved" "https://registry.npmjs.org/detect-libc/-/detect-libc-2.0.3.tgz"
  "version" "2.0.3"

"electron-to-chromium@^1.5.73":
  "integrity" "sha512-wjT2O4hX+wdWPJ76gWSkMhcHAV2PTMX+QetUCPYEdCIe+cxmgzzSSiGRCKW8nuh4mwKZlpv0xvoW7OF2X+wmHg=="
  "resolved" "https://registry.npmjs.org/electron-to-chromium/-/electron-to-chromium-1.5.113.tgz"
  "version" "1.5.113"

"enhanced-resolve@^5.18.1":
  "integrity" "sha512-ZSW3ma5GkcQBIpwZTSRAI8N71Uuwgs93IezB7mf7R60tC8ZbJideoDNKjHn2O9KIlx6rkGTTEk1xUCK2E1Y2Yg=="
  "resolved" "https://registry.npmjs.org/enhanced-resolve/-/enhanced-resolve-5.18.1.tgz"
  "version" "5.18.1"
  dependencies:
    "graceful-fs" "^4.2.4"
    "tapable" "^2.2.0"

"escalade@^3.2.0":
  "integrity" "sha512-WUj2qlxaQtO4g6Pq5c29GTcWGDyd8itL8zTlipgECz3JesAiiOKotd8JU6otB3PACgG6xkJUyVhboMS+bje/jA=="
  "resolved" "https://registry.npmjs.org/escalade/-/escalade-3.2.0.tgz"
  "version" "3.2.0"

"fraction.js@^4.3.7":
  "integrity" "sha512-ZsDfxO51wGAXREY55a7la9LScWpwv9RxIrYABrlvOFBlH/ShPnrtsXeuUIfXKKOVicNxQ+o8JTbJvjS4M89yew=="
  "resolved" "https://registry.npmjs.org/fraction.js/-/fraction.js-4.3.7.tgz"
  "version" "4.3.7"

"framer-motion@^11.0.8":
  "integrity" "sha512-5F5Och7wrvtLVElIpclDT0CBzMVg3dL22B64aZwHtsIY8RB4mXICLrkajK4G9R+ieSAGcgrLeae2SeUTg2pr6w=="
  "resolved" "https://registry.npmjs.org/framer-motion/-/framer-motion-11.18.2.tgz"
  "version" "11.18.2"
  dependencies:
    "motion-dom" "^11.18.1"
    "motion-utils" "^11.18.1"
    "tslib" "^2.4.0"

"graceful-fs@^4.2.4":
  "integrity" "sha512-RbJ5/jmFcNNCcDV5o9eTnBLJ/HszWV0P73bc+Ff4nS/rJj+YaS6IGyiOL0VoBYX+l1Wrl3k63h/KrH+nhJ0XvQ=="
  "resolved" "https://registry.npmjs.org/graceful-fs/-/graceful-fs-4.2.11.tgz"
  "version" "4.2.11"

"is-arrayish@^0.3.1":
  "integrity" "sha512-eVRqCvVlZbuw3GrM63ovNSNAeA1K16kaR/LRY/92w0zxQ5/1YzwblUX652i4Xs9RwAGjW9d9y6X88t8OaAJfWQ=="
  "resolved" "https://registry.npmjs.org/is-arrayish/-/is-arrayish-0.3.2.tgz"
  "version" "0.3.2"

"isomorphic-fetch@^3.0.0":
  "integrity" "sha512-qvUtwJ3j6qwsF3jLxkZ72qCgjMysPzDfeV240JHiGZsANBYd+EEuu35v7dfrJ9Up0Ak07D7GGSkGhCHTqg/5wA=="
  "resolved" "https://registry.npmjs.org/isomorphic-fetch/-/isomorphic-fetch-3.0.0.tgz"
  "version" "3.0.0"
  dependencies:
    "node-fetch" "^2.6.1"
    "whatwg-fetch" "^3.4.1"

"jiti@^2.4.2":
  "integrity" "sha512-rg9zJN+G4n2nfJl5MW3BMygZX56zKPNVEYYqq7adpmMh4Jn2QNEwhvQlFy6jPVdcod7txZtKHWnyZiA3a0zP7A=="
  "resolved" "https://registry.npmjs.org/jiti/-/jiti-2.4.2.tgz"
  "version" "2.4.2"

"lightningcss-darwin-arm64@1.29.2":
  "integrity" "sha512-cK/eMabSViKn/PG8U/a7aCorpeKLMlK0bQeNHmdb7qUnBkNPnL+oV5DjJUo0kqWsJUapZsM4jCfYItbqBDvlcA=="
  "resolved" "https://registry.npmjs.org/lightningcss-darwin-arm64/-/lightningcss-darwin-arm64-1.29.2.tgz"
  "version" "1.29.2"

"lightningcss@^1.29.1":
  "integrity" "sha512-6b6gd/RUXKaw5keVdSEtqFVdzWnU5jMxTUjA2bVcMNPLwSQ08Sv/UodBVtETLCn7k4S1Ibxwh7k68IwLZPgKaA=="
  "resolved" "https://registry.npmjs.org/lightningcss/-/lightningcss-1.29.2.tgz"
  "version" "1.29.2"
  dependencies:
    "detect-libc" "^2.0.3"
  optionalDependencies:
    "lightningcss-darwin-arm64" "1.29.2"
    "lightningcss-darwin-x64" "1.29.2"
    "lightningcss-freebsd-x64" "1.29.2"
    "lightningcss-linux-arm-gnueabihf" "1.29.2"
    "lightningcss-linux-arm64-gnu" "1.29.2"
    "lightningcss-linux-arm64-musl" "1.29.2"
    "lightningcss-linux-x64-gnu" "1.29.2"
    "lightningcss-linux-x64-musl" "1.29.2"
    "lightningcss-win32-arm64-msvc" "1.29.2"
    "lightningcss-win32-x64-msvc" "1.29.2"

"mini-svg-data-uri@^1.2.3":
  "integrity" "sha512-r9deDe9p5FJUPZAk3A59wGH7Ii9YrjjWw0jmw/liSbHl2CHiyXj6FcDXDu2K3TjVAXqiJdaw3xxwlZZr9E6nHg=="
  "resolved" "https://registry.npmjs.org/mini-svg-data-uri/-/mini-svg-data-uri-1.4.4.tgz"
  "version" "1.4.4"

"motion-dom@^11.18.1":
  "integrity" "sha512-g76KvA001z+atjfxczdRtw/RXOM3OMSdd1f4DL77qCTF/+avrRJiawSG4yDibEQ215sr9kpinSlX2pCTJ9zbhw=="
  "resolved" "https://registry.npmjs.org/motion-dom/-/motion-dom-11.18.1.tgz"
  "version" "11.18.1"
  dependencies:
    "motion-utils" "^11.18.1"

"motion-utils@^11.18.1":
  "integrity" "sha512-49Kt+HKjtbJKLtgO/LKj9Ld+6vw9BjH5d9sc40R/kVyH8GLAXgT42M2NnuPcJNuA3s9ZfZBUcwIgpmZWGEE+hA=="
  "resolved" "https://registry.npmjs.org/motion-utils/-/motion-utils-11.18.1.tgz"
  "version" "11.18.1"

"nanoid@^3.3.6", "nanoid@^3.3.8":
  "integrity" "sha512-WNLf5Sd8oZxOm+TzppcYk8gVOgP+l58xNy58D0nbUnOxOWRWvlcCV4kUF7ltmI6PsrLl/BgKEyS4mqsGChFN0w=="
  "resolved" "https://registry.npmjs.org/nanoid/-/nanoid-3.3.8.tgz"
  "version" "3.3.8"

"next@>= 13", "next@15.2.1":
  "integrity" "sha512-zxbsdQv3OqWXybK5tMkPCBKyhIz63RstJ+NvlfkaLMc/m5MwXgz2e92k+hSKcyBpyADhMk2C31RIiaDjUZae7g=="
  "resolved" "https://registry.npmjs.org/next/-/next-15.2.1.tgz"
  "version" "15.2.1"
  dependencies:
    "@next/env" "15.2.1"
    "@swc/counter" "0.1.3"
    "@swc/helpers" "0.5.15"
    "busboy" "1.6.0"
    "caniuse-lite" "^1.0.30001579"
    "postcss" "8.4.31"
    "styled-jsx" "5.1.6"
  optionalDependencies:
    "@next/swc-darwin-arm64" "15.2.1"
    "@next/swc-darwin-x64" "15.2.1"
    "@next/swc-linux-arm64-gnu" "15.2.1"
    "@next/swc-linux-arm64-musl" "15.2.1"
    "@next/swc-linux-x64-gnu" "15.2.1"
    "@next/swc-linux-x64-musl" "15.2.1"
    "@next/swc-win32-arm64-msvc" "15.2.1"
    "@next/swc-win32-x64-msvc" "15.2.1"
    "sharp" "^0.33.5"

"node-fetch@^2.6.1":
  "integrity" "sha512-c4FRfUm/dbcWZ7U+1Wq0AwCyFL+3nt2bEw05wfxSz+DWpWsitgmSgYmy2dQdWyKC1694ELPqMs/YzUSNozLt8A=="
  "resolved" "https://registry.npmjs.org/node-fetch/-/node-fetch-2.7.0.tgz"
  "version" "2.7.0"
  dependencies:
    "whatwg-url" "^5.0.0"

"node-releases@^2.0.19":
  "integrity" "sha512-xxOWJsBKtzAq7DY0J+DTzuz58K8e7sJbdgwkbMWQe8UYB6ekmsQ45q0M/tJDsGaZmbC+l7n57UV8Hl5tHxO9uw=="
  "resolved" "https://registry.npmjs.org/node-releases/-/node-releases-2.0.19.tgz"
  "version" "2.0.19"

"normalize-range@^0.1.2":
  "integrity" "sha512-bdok/XvKII3nUpklnV6P2hxtMNrCboOjAcyBuQnWEhO665FwrSNRxU+AqpsyvO6LgGYPspN+lu5CLtw4jPRKNA=="
  "resolved" "https://registry.npmjs.org/normalize-range/-/normalize-range-0.1.2.tgz"
  "version" "0.1.2"

"pexels@^1.4.0":
  "integrity" "sha512-akpLySokCtw9JHGx7yMavOIAHGVP5721rLUONR/cFKjWkLjUXsHrJ5jndMKss9mx7AEMZRXs7loxEb+vLJf6kA=="
  "resolved" "https://registry.npmjs.org/pexels/-/pexels-1.4.0.tgz"
  "version" "1.4.0"
  dependencies:
    "isomorphic-fetch" "^3.0.0"

"picocolors@^1.0.0", "picocolors@^1.0.1", "picocolors@^1.1.1":
  "integrity" "sha512-xceH2snhtb5M9liqDsmEw56le376mTZkEX/jEb/RxNFyegNul7eNslCXP9FDj/Lcu0X8KEyMceP2ntpaHrDEVA=="
  "resolved" "https://registry.npmjs.org/picocolors/-/picocolors-1.1.1.tgz"
  "version" "1.1.1"

"postcss-value-parser@^4.2.0":
  "integrity" "sha512-1NNCs6uurfkVbeXG4S8JFT9t19m45ICnif8zWLd5oPSZ50QnwMfK+H3jv408d4jw/7Bttv5axS5IiHoLaVNHeQ=="
  "resolved" "https://registry.npmjs.org/postcss-value-parser/-/postcss-value-parser-4.2.0.tgz"
  "version" "4.2.0"

"postcss@^8.1.0", "postcss@8.4.31":
  "integrity" "sha512-PS08Iboia9mts/2ygV3eLpY5ghnUcfLV/EXTOW1E2qYxJKGGBUtNjN76FYHnMs36RmARn41bC0AZmn+rR0OVpQ=="
  "resolved" "https://registry.npmjs.org/postcss/-/postcss-8.4.31.tgz"
  "version" "8.4.31"
  dependencies:
    "nanoid" "^3.3.6"
    "picocolors" "^1.0.0"
    "source-map-js" "^1.0.2"

"postcss@^8.4.41":
  "integrity" "sha512-dle9A3yYxlBSrt8Fu+IpjGT8SY8hN0mlaA6GY8t0P5PjIOZemULz/E2Bnm/2dcUOena75OTNkHI76uZBNUUq3A=="
  "resolved" "https://registry.npmjs.org/postcss/-/postcss-8.5.3.tgz"
  "version" "8.5.3"
  dependencies:
    "nanoid" "^3.3.8"
    "picocolors" "^1.1.1"
    "source-map-js" "^1.2.1"

"prettier@^3.5.2":
  "integrity" "sha512-QQtaxnoDJeAkDvDKWCLiwIXkTgRhwYDEQCghU9Z6q03iyek/rxRh/2lC3HB7P8sWT2xC/y5JDctPLBIGzHKbhw=="
  "resolved" "https://registry.npmjs.org/prettier/-/prettier-3.5.3.tgz"
  "version" "3.5.3"

"react-dom@^18.0.0 || ^19.0.0", "react-dom@^18.2.0 || 19.0.0-rc-de68d2f4-20241204 || ^19.0.0", "react-dom@^19.0.0":
  "integrity" "sha512-4GV5sHFG0e/0AD4X+ySy6UJd3jVl1iNsNHdpad0qhABJ11twS3TTBnseqsKurKcsNqCEFeGL3uLpVChpIO3QfQ=="
  "resolved" "https://registry.npmjs.org/react-dom/-/react-dom-19.0.0.tgz"
  "version" "19.0.0"
  dependencies:
    "scheduler" "^0.25.0"

"react@^18 || ^19 || ^19.0.0-rc", "react@^18.0.0 || ^19.0.0", "react@^18.2.0 || 19.0.0-rc-de68d2f4-20241204 || ^19.0.0", "react@^19.0.0", "react@>= 16.8.0 || 17.x.x || ^18.0.0-0 || ^19.0.0-0":
  "integrity" "sha512-V8AVnmPIICiWpGfm6GLzCR/W5FXLchHop40W4nXBmdlEceh16rCN8O8LNWm5bh5XUX91fh7KpA+W0TgMKmgTpQ=="
  "resolved" "https://registry.npmjs.org/react/-/react-19.0.0.tgz"
  "version" "19.0.0"

"scheduler@^0.25.0":
  "integrity" "sha512-xFVuu11jh+xcO7JOAGJNOXld8/TcEHK/4CituBUeUb5hqxJLj9YuemAEuvm9gQ/+pgXYfbQuqAkiYu+u7YEsNA=="
  "resolved" "https://registry.npmjs.org/scheduler/-/scheduler-0.25.0.tgz"
  "version" "0.25.0"

"semver@^7.6.3":
  "integrity" "sha512-hlq8tAfn0m/61p4BVRcPzIGr6LKiMwo4VM6dGi6pt4qcRkmNzTcWq6eCEjEh+qXjkMDvPlOFFSGwQjoEa6gyMA=="
  "resolved" "https://registry.npmjs.org/semver/-/semver-7.7.1.tgz"
  "version" "7.7.1"

"sharp@^0.33.5":
  "integrity" "sha512-haPVm1EkS9pgvHrQ/F3Xy+hgcuMV0Wm9vfIBSiwZ05k+xgb0PkBQpGsAA/oWdDobNaZTH5ppvHtzCFbnSEwHVw=="
  "resolved" "https://registry.npmjs.org/sharp/-/sharp-0.33.5.tgz"
  "version" "0.33.5"
  dependencies:
    "color" "^4.2.3"
    "detect-libc" "^2.0.3"
    "semver" "^7.6.3"
  optionalDependencies:
    "@img/sharp-darwin-arm64" "0.33.5"
    "@img/sharp-darwin-x64" "0.33.5"
    "@img/sharp-libvips-darwin-arm64" "1.0.4"
    "@img/sharp-libvips-darwin-x64" "1.0.4"
    "@img/sharp-libvips-linux-arm" "1.0.5"
    "@img/sharp-libvips-linux-arm64" "1.0.4"
    "@img/sharp-libvips-linux-s390x" "1.0.4"
    "@img/sharp-libvips-linux-x64" "1.0.4"
    "@img/sharp-libvips-linuxmusl-arm64" "1.0.4"
    "@img/sharp-libvips-linuxmusl-x64" "1.0.4"
    "@img/sharp-linux-arm" "0.33.5"
    "@img/sharp-linux-arm64" "0.33.5"
    "@img/sharp-linux-s390x" "0.33.5"
    "@img/sharp-linux-x64" "0.33.5"
    "@img/sharp-linuxmusl-arm64" "0.33.5"
    "@img/sharp-linuxmusl-x64" "0.33.5"
    "@img/sharp-wasm32" "0.33.5"
    "@img/sharp-win32-ia32" "0.33.5"
    "@img/sharp-win32-x64" "0.33.5"

"simple-swizzle@^0.2.2":
  "integrity" "sha512-JA//kQgZtbuY83m+xT+tXJkmJncGMTFT+C+g2h2R9uxkYIrE2yy9sgmcLhCnw57/WSD+Eh3J97FPEDFnbXnDUg=="
  "resolved" "https://registry.npmjs.org/simple-swizzle/-/simple-swizzle-0.2.2.tgz"
  "version" "0.2.2"
  dependencies:
    "is-arrayish" "^0.3.1"

"source-map-js@^1.0.2", "source-map-js@^1.2.1":
  "integrity" "sha512-UXWMKhLOwVKb728IUtQPXxfYU+usdybtUrK/8uGE8CQMvrhOpwvzDBwj0QhSL7MQc7vIsISBG8VQ8+IDQxpfQA=="
  "resolved" "https://registry.npmjs.org/source-map-js/-/source-map-js-1.2.1.tgz"
  "version" "1.2.1"

"streamsearch@^1.1.0":
  "integrity" "sha512-Mcc5wHehp9aXz1ax6bZUyY5afg9u2rv5cqQI3mRrYkGC8rW2hM02jWuwjtL++LS5qinSyhj2QfLyNsuc+VsExg=="
  "resolved" "https://registry.npmjs.org/streamsearch/-/streamsearch-1.1.0.tgz"
  "version" "1.1.0"

"styled-jsx@5.1.6":
  "integrity" "sha512-qSVyDTeMotdvQYoHWLNGwRFJHC+i+ZvdBRYosOFgC+Wg1vx4frN2/RG/NA7SYqqvKNLf39P2LSRA2pu6n0XYZA=="
  "resolved" "https://registry.npmjs.org/styled-jsx/-/styled-jsx-5.1.6.tgz"
  "version" "5.1.6"
  dependencies:
    "client-only" "0.0.1"

"tailwindcss@^4", "tailwindcss@>=3.0.0 || >= 3.0.0-alpha.1 || >= 4.0.0-alpha.20 || >= 4.0.0-beta.1", "tailwindcss@4.0.10":
  "integrity" "sha512-Z8U/6E2BWSdDkt3IWPiphoV+8V6aNzRmu2SriSbuhm6i3QIcY3TdUJzUP5NX8M8MZuIl+v4/77Rer8u4YSrSsg=="
  "resolved" "https://registry.npmjs.org/tailwindcss/-/tailwindcss-4.0.10.tgz"
  "version" "4.0.10"

"tapable@^2.2.0":
  "integrity" "sha512-GNzQvQTOIP6RyTfE2Qxb8ZVlNmw0n88vp1szwWRimP02mnTsx3Wtn5qRdqY9w2XduFNUgvOwhNnQsjwCp+kqaQ=="
  "resolved" "https://registry.npmjs.org/tapable/-/tapable-2.2.1.tgz"
  "version" "2.2.1"

"tr46@~0.0.3":
  "integrity" "sha512-N3WMsuqV66lT30CrXNbEjx4GEwlow3v6rr4mCcv6prnfwhS01rkgyFdjPNBYd9br7LpXV1+Emh01fHnq2Gdgrw=="
  "resolved" "https://registry.npmjs.org/tr46/-/tr46-0.0.3.tgz"
  "version" "0.0.3"

"tslib@^2.4.0", "tslib@^2.8.0":
  "integrity" "sha512-oJFu94HQb+KVduSUQL7wnpmqnfmLsOA/nAh6b6EH0wCEoK0/mPeXU6c3wKDV83MkOuHPRHtSXKKU99IBazS/2w=="
  "resolved" "https://registry.npmjs.org/tslib/-/tslib-2.8.1.tgz"
  "version" "2.8.1"

"typescript@^5":
  "integrity" "sha512-aJn6wq13/afZp/jT9QZmwEjDqqvSGp1VT5GVg+f/t6/oVyrgXM6BY1h9BRh/O5p3PlUPAe+WuiEZOmb/49RqoQ=="
  "resolved" "https://registry.npmjs.org/typescript/-/typescript-5.8.2.tgz"
  "version" "5.8.2"

"undici-types@~6.19.2":
  "integrity" "sha512-ve2KP6f/JnbPBFyobGHuerC9g1FYGn/F8n1LWTwNxCEzd6IfqTwUQcNXgEtmmQ6DlRrC1hrSrBnCZPokRrDHjw=="
  "resolved" "https://registry.npmjs.org/undici-types/-/undici-types-6.19.8.tgz"
  "version" "6.19.8"

"update-browserslist-db@^1.1.1":
  "integrity" "sha512-UxhIZQ+QInVdunkDAaiazvvT/+fXL5Osr0JZlJulepYu6Jd7qJtDZjlur0emRlT71EN3ScPoE7gvsuIKKNavKw=="
  "resolved" "https://registry.npmjs.org/update-browserslist-db/-/update-browserslist-db-1.1.3.tgz"
  "version" "1.1.3"
  dependencies:
    "escalade" "^3.2.0"
    "picocolors" "^1.1.1"

"webidl-conversions@^3.0.0":
  "integrity" "sha512-2JAn3z8AR6rjK8Sm8orRC0h/bcl/DqL7tRPdGZ4I1CjdF+EaMLmYxBHyXuKL849eucPFhvBoxMsflfOb8kxaeQ=="
  "resolved" "https://registry.npmjs.org/webidl-conversions/-/webidl-conversions-3.0.1.tgz"
  "version" "3.0.1"

"whatwg-fetch@^3.4.1":
  "integrity" "sha512-EqhiFU6daOA8kpjOWTL0olhVOF3i7OrFzSYiGsEMB8GcXS+RrzauAERX65xMeNWVqxA6HXH2m69Z9LaKKdisfg=="
  "resolved" "https://registry.npmjs.org/whatwg-fetch/-/whatwg-fetch-3.6.20.tgz"
  "version" "3.6.20"

"whatwg-url@^5.0.0":
  "integrity" "sha512-saE57nupxk6v3HY35+jzBwYa0rKSy0XR8JSxZPwgLr7ys0IBzhGviA1/TUGJLmSVqs8pb9AnvICXEuOHLprYTw=="
  "resolved" "https://registry.npmjs.org/whatwg-url/-/whatwg-url-5.0.0.tgz"
  "version" "5.0.0"
  dependencies:
    "tr46" "~0.0.3"
    "webidl-conversions" "^3.0.0"

"ws@^8.18.0":
  "integrity" "sha512-RKW2aJZMXeMxVpnZ6bck+RswznaxmzdULiBr6KY7XkTnW8uvt0iT9H5DkHUChXrc+uurzwa0rVI16n/Xzjdz1w=="
  "resolved" "https://registry.npmjs.org/ws/-/ws-8.18.1.tgz"
  "version" "8.18.1"
